// !$*UTF8*$!
{
	archiveVersion = 1;
	classes = {
	};
	objectVersion = 46;
	objects = {

/* Begin PBXBuildFile section */
		5FC9E7011C3A8847008B5877 /* AppDelegate.swift in Sources */ = {isa = PBXBuildFile; fileRef = 5FC9E7001C3A8847008B5877 /* AppDelegate.swift */; };
		5FC9E7031C3A8847008B5877 /* ViewController.swift in Sources */ = {isa = PBXBuildFile; fileRef = 5FC9E7021C3A8847008B5877 /* ViewController.swift */; };
		5FC9E7061C3A8847008B5877 /* Main.storyboard in Resources */ = {isa = PBXBuildFile; fileRef = 5FC9E7041C3A8847008B5877 /* Main.storyboard */; };
		5FC9E7081C3A8847008B5877 /* Assets.xcassets in Resources */ = {isa = PBXBuildFile; fileRef = 5FC9E7071C3A8847008B5877 /* Assets.xcassets */; };
		5FC9E70B1C3A8847008B5877 /* LaunchScreen.storyboard in Resources */ = {isa = PBXBuildFile; fileRef = 5FC9E7091C3A8847008B5877 /* LaunchScreen.storyboard */; };
/* End PBXBuildFile section */

/* Begin PBXFileReference section */
		5FC9E6FD1C3A8847008B5877 /* Flocally.app */ = {isa = PBXFileReference; explicitFileType = wrapper.application; includeInIndex = 0; path = Flocally.app; sourceTree = BUILT_PRODUCTS_DIR; };
		5FC9E7001C3A8847008B5877 /* AppDelegate.swift */ = {isa = PBXFileReference; lastKnownFileType = sourcecode.swift; path = AppDelegate.swift; sourceTree = "<group>"; };
		5FC9E7021C3A8847008B5877 /* ViewController.swift */ = {isa = PBXFileReference; lastKnownFileType = sourcecode.swift; path = ViewController.swift; sourceTree = "<group>"; };
		5FC9E7051C3A8847008B5877 /* Base */ = {isa = PBXFileReference; lastKnownFileType = file.storyboard; name = Base; path = Base.lproj/Main.storyboard; sourceTree = "<group>"; };
		5FC9E7071C3A8847008B5877 /* Assets.xcassets */ = {isa = PBXFileReference; lastKnownFileType = folder.assetcatalog; path = Assets.xcassets; sourceTree = "<group>"; };
		5FC9E70A1C3A8847008B5877 /* Base */ = {isa = PBXFileReference; lastKnownFileType = file.storyboard; name = Base; path = Base.lproj/LaunchScreen.storyboard; sourceTree = "<group>"; };
		5FC9E70C1C3A8847008B5877 /* Info.plist */ = {isa = PBXFileReference; lastKnownFileType = text.plist.xml; path = Info.plist; sourceTree = "<group>"; };
/* End PBXFileReference section */

/* Begin PBXFrameworksBuildPhase section */
		5FC9E6FA1C3A8847008B5877 /* Frameworks */ = {
			isa = PBXFrameworksBuildPhase;
			buildActionMask = 2147483647;
			files = (
			);
			runOnlyForDeploymentPostprocessing = 0;
		};
/* End PBXFrameworksBuildPhase section */

/* Begin PBXGroup section */
		5FC9E6F41C3A8847008B5877 = {
			isa = PBXGroup;
			children = (
				5FC9E6FF1C3A8847008B5877 /* Flocally */,
				5FC9E6FE1C3A8847008B5877 /* Products */,
			);
			sourceTree = "<group>";
		};
		5FC9E6FE1C3A8847008B5877 /* Products */ = {
			isa = PBXGroup;
			children = (
				5FC9E6FD1C3A8847008B5877 /* Flocally.app */,
			);
			name = Products;
			sourceTree = "<group>";
		};
		5FC9E6FF1C3A8847008B5877 /* Flocally */ = {
			isa = PBXGroup;
			children = (
				5FC9E7001C3A8847008B5877 /* AppDelegate.swift */,
				5FC9E7021C3A8847008B5877 /* ViewController.swift */,
				5FC9E7041C3A8847008B5877 /* Main.storyboard */,
				5FC9E7071C3A8847008B5877 /* Assets.xcassets */,
				5FC9E7091C3A8847008B5877 /* LaunchScreen.storyboard */,
				5FC9E70C1C3A8847008B5877 /* Info.plist */,
			);
			path = Flocally;
			sourceTree = "<group>";
		};
/* End PBXGroup section */

/* Begin PBXNativeTarget section */
		5FC9E6FC1C3A8847008B5877 /* Flocally */ = {
			isa = PBXNativeTarget;
			buildConfigurationList = 5FC9E70F1C3A8847008B5877 /* Build configuration list for PBXNativeTarget "Flocally" */;
			buildPhases = (
				5FC9E6F91C3A8847008B5877 /* Sources */,
				5FC9E6FA1C3A8847008B5877 /* Frameworks */,
				5FC9E6FB1C3A8847008B5877 /* Resources */,
			);
			buildRules = (
			);
			dependencies = (
			);
			name = Flocally;
			productName = Flocally;
			productReference = 5FC9E6FD1C3A8847008B5877 /* Flocally.app */;
			productType = "com.apple.product-type.application";
		};
/* End PBXNativeTarget section */

/* Begin PBXProject section */
		5FC9E6F51C3A8847008B5877 /* Project object */ = {
			isa = PBXProject;
			attributes = {
				LastSwiftUpdateCheck = 0720;
				LastUpgradeCheck = 0720;
				ORGANIZATIONNAME = "Nikhil Srivastava";
				TargetAttributes = {
					5FC9E6FC1C3A8847008B5877 = {
						CreatedOnToolsVersion = 7.2;
					};
				};
			};
			buildConfigurationList = 5FC9E6F81C3A8847008B5877 /* Build configuration list for PBXProject "Flocally" */;
			compatibilityVersion = "Xcode 3.2";
			developmentRegion = English;
			hasScannedForEncodings = 0;
			knownRegions = (
				en,
				Base,
			);
			mainGroup = 5FC9E6F41C3A8847008B5877;
			productRefGroup = 5FC9E6FE1C3A8847008B5877 /* Products */;
			projectDirPath = "";
			projectRoot = "";
			targets = (
				5FC9E6FC1C3A8847008B5877 /* Flocally */,
			);
		};
/* End PBXProject section */

/* Begin PBXResourcesBuildPhase section */
		5FC9E6FB1C3A8847008B5877 /* Resources */ = {
			isa = PBXResourcesBuildPhase;
			buildActionMask = 2147483647;
			files = (
				5FC9E70B1C3A8847008B5877 /* LaunchScreen.storyboard in Resources */,
				5FC9E7081C3A8847008B5877 /* Assets.xcassets in Resources */,
				5FC9E7061C3A8847008B5877 /* Main.storyboard in Resources */,
			);
			runOnlyForDeploymentPostprocessing = 0;
		};
/* End PBXResourcesBuildPhase section */

/* Begin PBXSourcesBuildPhase section */
		5FC9E6F91C3A8847008B5877 /* Sources */ = {
			isa = PBXSourcesBuildPhase;
			buildActionMask = 2147483647;
			files = (
				5FC9E7031C3A8847008B5877 /* ViewController.swift in Sources */,
				5FC9E7011C3A8847008B5877 /* AppDelegate.swift in Sources */,
			);
			runOnlyForDeploymentPostprocessing = 0;
		};
/* End PBXSourcesBuildPhase section */

/* Begin PBXVariantGroup section */
		5FC9E7041C3A8847008B5877 /* Main.storyboard */ = {
			isa = PBXVariantGroup;
			children = (
				5FC9E7051C3A8847008B5877 /* Base */,
			);
			name = Main.storyboard;
			sourceTree = "<group>";
		};
		5FC9E7091C3A8847008B5877 /* LaunchScreen.storyboard */ = {
			isa = PBXVariantGroup;
			children = (
				5FC9E70A1C3A8847008B5877 /* Base */,
			);
			name = LaunchScreen.storyboard;
			sourceTree = "<group>";
		};
/* End PBXVariantGroup section */

/* Begin XCBuildConfiguration section */
		5FC9E70D1C3A8847008B5877 /* Debug */ = {
			isa = XCBuildConfiguration;
			buildSettings = {
				ALWAYS_SEARCH_USER_PATHS = NO;
				CLANG_CXX_LANGUAGE_STANDARD = "gnu++0x";
				CLANG_CXX_LIBRARY = "libc++";
				CLANG_ENABLE_MODULES = YES;
				CLANG_ENABLE_OBJC_ARC = YES;
				CLANG_WARN_BOOL_CONVERSION = YES;
				CLANG_WARN_CONSTANT_CONVERSION = YES;
				CLANG_WARN_DIRECT_OBJC_ISA_USAGE = YES_ERROR;
				CLANG_WARN_EMPTY_BODY = YES;
				CLANG_WARN_ENUM_CONVERSION = YES;
				CLANG_WARN_INT_CONVERSION = YES;
				CLANG_WARN_OBJC_ROOT_CLASS = YES_ERROR;
				CLANG_WARN_UNREACHABLE_CODE = YES;
				CLANG_WARN__DUPLICATE_METHOD_MATCH = YES;
				"CODE_SIGN_IDENTITY[sdk=iphoneos*]" = "iPhone Developer";
				COPY_PHASE_STRIP = NO;
				DEBUG_INFORMATION_FORMAT = dwarf;
				ENABLE_STRICT_OBJC_MSGSEND = YES;
				ENABLE_TESTABILITY = YES;
				GCC_C_LANGUAGE_STANDARD = gnu99;
				GCC_DYNAMIC_NO_PIC = NO;
				GCC_NO_COMMON_BLOCKS = YES;
				GCC_OPTIMIZATION_LEVEL = 0;
				GCC_PREPROCESSOR_DEFINITIONS = (
					"DEBUG=1",
					"$(inherited)",
				);
				GCC_WARN_64_TO_32_BIT_CONVERSION = YES;
				GCC_WARN_ABOUT_RETURN_TYPE = YES_ERROR;
				GCC_WARN_UNDECLARED_SELECTOR = YES;
				GCC_WARN_UNINITIALIZED_AUTOS = YES_AGGRESSIVE;
				GCC_WARN_UNUSED_FUNCTION = YES;
				GCC_WARN_UNUSED_VARIABLE = YES;
				IPHONEOS_DEPLOYMENT_TARGET = 9.2;
				MTL_ENABLE_DEBUG_INFO = YES;
				ONLY_ACTIVE_ARCH = YES;
				SDKROOT = iphoneos;
				SWIFT_OPTIMIZATION_LEVEL = "-Onone";
				TARGETED_DEVICE_FAMILY = "1,2";
			};
			name = Debug;
		};
		5FC9E70E1C3A8847008B5877 /* Release */ = {
			isa = XCBuildConfiguration;
			buildSettings = {
				ALWAYS_SEARCH_USER_PATHS = NO;
				CLANG_CXX_LANGUAGE_STANDARD = "gnu++0x";
				CLANG_CXX_LIBRARY = "libc++";
				CLANG_ENABLE_MODULES = YES;
				CLANG_ENABLE_OBJC_ARC = YES;
				CLANG_WARN_BOOL_CONVERSION = YES;
				CLANG_WARN_CONSTANT_CONVERSION = YES;
				CLANG_WARN_DIRECT_OBJC_ISA_USAGE = YES_ERROR;
				CLANG_WARN_EMPTY_BODY = YES;
				CLANG_WARN_ENUM_CONVERSION = YES;
				CLANG_WARN_INT_CONVERSION = YES;
				CLANG_WARN_OBJC_ROOT_CLASS = YES_ERROR;
				CLANG_WARN_UNREACHABLE_CODE = YES;
				CLANG_WARN__DUPLICATE_METHOD_MATCH = YES;
				"CODE_SIGN_IDENTITY[sdk=iphoneos*]" = "iPhone Developer";
				COPY_PHASE_STRIP = NO;
				DEBUG_INFORMATION_FORMAT = "dwarf-with-dsym";
				ENABLE_NS_ASSERTIONS = NO;
				ENABLE_STRICT_OBJC_MSGSEND = YES;
				GCC_C_LANGUAGE_STANDARD = gnu99;
				GCC_NO_COMMON_BLOCKS = YES;
				GCC_WARN_64_TO_32_BIT_CONVERSION = YES;
				GCC_WARN_ABOUT_RETURN_TYPE = YES_ERROR;
				GCC_WARN_UNDECLARED_SELECTOR = YES;
				GCC_WARN_UNINITIALIZED_AUTOS = YES_AGGRESSIVE;
				GCC_WARN_UNUSED_FUNCTION = YES;
				GCC_WARN_UNUSED_VARIABLE = YES;
				IPHONEOS_DEPLOYMENT_TARGET = 9.2;
				MTL_ENABLE_DEBUG_INFO = NO;
				SDKROOT = iphoneos;
				TARGETED_DEVICE_FAMILY = "1,2";
				VALIDATE_PRODUCT = YES;
			};
			name = Release;
		};
		5FC9E7101C3A8847008B5877 /* Debug */ = {
			isa = XCBuildConfiguration;
			buildSettings = {
				ASSETCATALOG_COMPILER_APPICON_NAME = AppIcon;
				INFOPLIST_FILE = Flocally/Info.plist;
				LD_RUNPATH_SEARCH_PATHS = "$(inherited) @executable_path/Frameworks";
				PRODUCT_BUNDLE_IDENTIFIER = com.appsriv.Flocally;
				PRODUCT_NAME = "$(TARGET_NAME)";
			};
			name = Debug;
		};
		5FC9E7111C3A8847008B5877 /* Release */ = {
			isa = XCBuildConfiguration;
			buildSettings = {
				ASSETCATALOG_COMPILER_APPICON_NAME = AppIcon;
				INFOPLIST_FILE = Flocally/Info.plist;
				LD_RUNPATH_SEARCH_PATHS = "$(inherited) @executable_path/Frameworks";
				PRODUCT_BUNDLE_IDENTIFIER = com.appsriv.Flocally;
				PRODUCT_NAME = "$(TARGET_NAME)";
			};
			name = Release;
		};
/* End XCBuildConfiguration section */

/* Begin XCConfigurationList section */
		5FC9E6F81C3A8847008B5877 /* Build configuration list for PBXProject "Flocally" */ = {
			isa = XCConfigurationList;
			buildConfigurations = (
				5FC9E70D1C3A8847008B5877 /* Debug */,
				5FC9E70E1C3A8847008B5877 /* Release */,
			);
			defaultConfigurationIsVisible = 0;
			defaultConfigurationName = Release;
		};
		5FC9E70F1C3A8847008B5877 /* Build configuration list for PBXNativeTarget "Flocally" */ = {
			isa = XCConfigurationList;
			buildConfigurations = (
				5FC9E7101C3A8847008B5877 /* Debug */,
				5FC9E7111C3A8847008B5877 /* Release */,
			);
			defaultConfigurationIsVisible = 0;
		};
/* End XCConfigurationList section */
	};
	rootObject = 5FC9E6F51C3A8847008B5877 /* Project object */;
}
