// !$*UTF8*$!
{
	archiveVersion = 1;
	classes = {
	};
	objectVersion = 46;
	objects = {

/* Begin PBXBuildFile section */
		5F0645F41C8053080013849A /* ChoosePaymentViewController.swift in Sources */ = {isa = PBXBuildFile; fileRef = 5F0645F31C8053080013849A /* ChoosePaymentViewController.swift */; };
		5F0645F61C805E550013849A /* ChoosePaymentCell.swift in Sources */ = {isa = PBXBuildFile; fileRef = 5F0645F51C805E550013849A /* ChoosePaymentCell.swift */; };
		5F0A76611C52267A00C8B46C /* SwiftyJSON.swift in Sources */ = {isa = PBXBuildFile; fileRef = 5F0A76601C52267A00C8B46C /* SwiftyJSON.swift */; };
		5F0A76631C52312F00C8B46C /* Dish.swift in Sources */ = {isa = PBXBuildFile; fileRef = 5F0A76621C52312F00C8B46C /* Dish.swift */; };
		5F0A76651C523F6800C8B46C /* Downloader.swift in Sources */ = {isa = PBXBuildFile; fileRef = 5F0A76641C523F6800C8B46C /* Downloader.swift */; };
		5F27C0231C608CD5000ABA7E /* RateChefViewController.swift in Sources */ = {isa = PBXBuildFile; fileRef = 5F27C0221C608CD5000ABA7E /* RateChefViewController.swift */; };
		5F27C0251C60AE0B000ABA7E /* RateCustomerViewController.swift in Sources */ = {isa = PBXBuildFile; fileRef = 5F27C0241C60AE0B000ABA7E /* RateCustomerViewController.swift */; };
		5F3781591C3BA8B6002CC562 /* LunchTableViewController.swift in Sources */ = {isa = PBXBuildFile; fileRef = 5F3781581C3BA8B6002CC562 /* LunchTableViewController.swift */; };
		5F37815B1C3BA8C9002CC562 /* DinnerTableViewController.swift in Sources */ = {isa = PBXBuildFile; fileRef = 5F37815A1C3BA8C9002CC562 /* DinnerTableViewController.swift */; };
		5F37815D1C3BA8D7002CC562 /* SnacksTableViewController.swift in Sources */ = {isa = PBXBuildFile; fileRef = 5F37815C1C3BA8D7002CC562 /* SnacksTableViewController.swift */; };
		5F3781611C3BF893002CC562 /* SWRevealViewController.m in Sources */ = {isa = PBXBuildFile; fileRef = 5F3781601C3BF893002CC562 /* SWRevealViewController.m */; };
		5F3781671C3C00ED002CC562 /* Fabric.framework in Frameworks */ = {isa = PBXBuildFile; fileRef = 5F3781651C3C00ED002CC562 /* Fabric.framework */; };
		5F3781681C3C00ED002CC562 /* Crashlytics.framework in Frameworks */ = {isa = PBXBuildFile; fileRef = 5F3781661C3C00ED002CC562 /* Crashlytics.framework */; };
		5F6FA1C91C75FE4D002A66F8 /* OTPViewController.swift in Sources */ = {isa = PBXBuildFile; fileRef = 5F6FA1C81C75FE4D002A66F8 /* OTPViewController.swift */; };
		5F8602121C62193A001A8769 /* CustomSearchBar.swift in Sources */ = {isa = PBXBuildFile; fileRef = 5F8602101C62193A001A8769 /* CustomSearchBar.swift */; };
		5F8602131C62193A001A8769 /* CustomSearchController.swift in Sources */ = {isa = PBXBuildFile; fileRef = 5F8602111C62193A001A8769 /* CustomSearchController.swift */; };
		5F8602151C621973001A8769 /* SearchResultsController.swift in Sources */ = {isa = PBXBuildFile; fileRef = 5F8602141C621973001A8769 /* SearchResultsController.swift */; };
		5F8754941C64B36D00A275C0 /* HitTestView.swift in Sources */ = {isa = PBXBuildFile; fileRef = 5F8754931C64B36D00A275C0 /* HitTestView.swift */; };
		5F8EFDC11C6C742B003E7354 /* roboto.bold.ttf in Resources */ = {isa = PBXBuildFile; fileRef = 5F8EFDBD1C6C742B003E7354 /* roboto.bold.ttf */; };
		5F8EFDC21C6C742B003E7354 /* roboto.light.ttf in Resources */ = {isa = PBXBuildFile; fileRef = 5F8EFDBE1C6C742B003E7354 /* roboto.light.ttf */; };
		5F8EFDC31C6C742B003E7354 /* roboto.medium.ttf in Resources */ = {isa = PBXBuildFile; fileRef = 5F8EFDBF1C6C742B003E7354 /* roboto.medium.ttf */; };
		5F8EFDC41C6C742B003E7354 /* roboto.regular.ttf in Resources */ = {isa = PBXBuildFile; fileRef = 5F8EFDC01C6C742B003E7354 /* roboto.regular.ttf */; };
		5F8EFDC81C6C8D77003E7354 /* roboto.light-italic.ttf in Resources */ = {isa = PBXBuildFile; fileRef = 5F8EFDC71C6C8D77003E7354 /* roboto.light-italic.ttf */; };
		5F8EFDCA1C6C8E04003E7354 /* roboto.italic.ttf in Resources */ = {isa = PBXBuildFile; fileRef = 5F8EFDC91C6C8E04003E7354 /* roboto.italic.ttf */; };
		5F942E5F1CBD0EEC0040D06A /* AddNewAddressViewController.swift in Sources */ = {isa = PBXBuildFile; fileRef = 5F942E5E1CBD0EEC0040D06A /* AddNewAddressViewController.swift */; };
		5F942E611CBD107C0040D06A /* Address.swift in Sources */ = {isa = PBXBuildFile; fileRef = 5F942E601CBD107C0040D06A /* Address.swift */; };
		5FA4D3731C560DE200F5FB1C /* ChefScreenViewController.swift in Sources */ = {isa = PBXBuildFile; fileRef = 5FA4D3721C560DE200F5FB1C /* ChefScreenViewController.swift */; };
		5FA4D3751C56219D00F5FB1C /* HelpTableViewController.swift in Sources */ = {isa = PBXBuildFile; fileRef = 5FA4D3741C56219D00F5FB1C /* HelpTableViewController.swift */; };
		5FA5196C1C61E4F100501FCF /* UINavigationBarTaller.swift in Sources */ = {isa = PBXBuildFile; fileRef = 5FA5196B1C61E4F100501FCF /* UINavigationBarTaller.swift */; };
		5FAE04C91C520B0C00F8E6A3 /* Chef.swift in Sources */ = {isa = PBXBuildFile; fileRef = 5FAE04C81C520B0C00F8E6A3 /* Chef.swift */; };
		5FAE04CB1C52108700F8E6A3 /* RequestManager.swift in Sources */ = {isa = PBXBuildFile; fileRef = 5FAE04CA1C52108700F8E6A3 /* RequestManager.swift */; };
		5FAE04CD1C5210C500F8E6A3 /* WebServiceURLs.swift in Sources */ = {isa = PBXBuildFile; fileRef = 5FAE04CC1C5210C500F8E6A3 /* WebServiceURLs.swift */; };
		5FB48D0E1C63841900A2203F /* ChefSectionReviewsViewController.swift in Sources */ = {isa = PBXBuildFile; fileRef = 5FB48D0D1C63841900A2203F /* ChefSectionReviewsViewController.swift */; };
		5FB48D101C6385B200A2203F /* ChefSectionReviewCell.swift in Sources */ = {isa = PBXBuildFile; fileRef = 5FB48D0F1C6385B200A2203F /* ChefSectionReviewCell.swift */; };
		5FB6248A1C5F386D0016F1DB /* Extensions.swift in Sources */ = {isa = PBXBuildFile; fileRef = 5FB624891C5F386D0016F1DB /* Extensions.swift */; };
		5FB6248C1C5F588E0016F1DB /* FooterViewController.swift in Sources */ = {isa = PBXBuildFile; fileRef = 5FB6248B1C5F588E0016F1DB /* FooterViewController.swift */; };
		5FBCD2571C58E1D0001AAB85 /* DishScreenViewController.swift in Sources */ = {isa = PBXBuildFile; fileRef = 5FBCD2561C58E1D0001AAB85 /* DishScreenViewController.swift */; };
		5FC0A8971C89A84A00907276 /* scrollViewTesting.swift in Sources */ = {isa = PBXBuildFile; fileRef = 5FC0A8961C89A84A00907276 /* scrollViewTesting.swift */; };
		5FC9E7011C3A8847008B5877 /* AppDelegate.swift in Sources */ = {isa = PBXBuildFile; fileRef = 5FC9E7001C3A8847008B5877 /* AppDelegate.swift */; };
		5FC9E7031C3A8847008B5877 /* ViewController.swift in Sources */ = {isa = PBXBuildFile; fileRef = 5FC9E7021C3A8847008B5877 /* ViewController.swift */; };
		5FC9E7061C3A8847008B5877 /* Main.storyboard in Resources */ = {isa = PBXBuildFile; fileRef = 5FC9E7041C3A8847008B5877 /* Main.storyboard */; };
		5FC9E7081C3A8847008B5877 /* Assets.xcassets in Resources */ = {isa = PBXBuildFile; fileRef = 5FC9E7071C3A8847008B5877 /* Assets.xcassets */; };
		5FC9E70B1C3A8847008B5877 /* LaunchScreen.storyboard in Resources */ = {isa = PBXBuildFile; fileRef = 5FC9E7091C3A8847008B5877 /* LaunchScreen.storyboard */; };
		5FC9E7161C3A89C0008B5877 /* MenuItemView.swift in Sources */ = {isa = PBXBuildFile; fileRef = 5FC9E7121C3A89C0008B5877 /* MenuItemView.swift */; };
		5FC9E7171C3A89C0008B5877 /* MenuView.swift in Sources */ = {isa = PBXBuildFile; fileRef = 5FC9E7131C3A89C0008B5877 /* MenuView.swift */; };
		5FC9E7181C3A89C0008B5877 /* PagingMenuController.swift in Sources */ = {isa = PBXBuildFile; fileRef = 5FC9E7141C3A89C0008B5877 /* PagingMenuController.swift */; };
		5FC9E7191C3A89C0008B5877 /* PagingMenuOptions.swift in Sources */ = {isa = PBXBuildFile; fileRef = 5FC9E7151C3A89C0008B5877 /* PagingMenuOptions.swift */; };
		5FC9E71C1C3AA4F4008B5877 /* BreakFastTableViewController.swift in Sources */ = {isa = PBXBuildFile; fileRef = 5FC9E71B1C3AA4F4008B5877 /* BreakFastTableViewController.swift */; };
		5FCA67531C7722BE00514AA8 /* MenuTableViewController.swift in Sources */ = {isa = PBXBuildFile; fileRef = 5FCA67521C7722BD00514AA8 /* MenuTableViewController.swift */; };
		5FCD06E51C3CF0D40038A4C0 /* RatingView.swift in Sources */ = {isa = PBXBuildFile; fileRef = 5FCD06E41C3CF0D40038A4C0 /* RatingView.swift */; };
		5FCD06ED1C3D33F80038A4C0 /* CustomTableViewCell.swift in Sources */ = {isa = PBXBuildFile; fileRef = 5FCD06EC1C3D33F80038A4C0 /* CustomTableViewCell.swift */; };
		5FD2DAD71C7C67570045CFB3 /* BBBadgeBarButtonItem.m in Sources */ = {isa = PBXBuildFile; fileRef = 5FD2DAD61C7C67570045CFB3 /* BBBadgeBarButtonItem.m */; };
		5FDF62771C59ECE4002918B9 /* HelpTableViewCell.swift in Sources */ = {isa = PBXBuildFile; fileRef = 5FDF62761C59ECE4002918B9 /* HelpTableViewCell.swift */; };
		5FDF62791C59FF2F002918B9 /* DataManager.swift in Sources */ = {isa = PBXBuildFile; fileRef = 5FDF62781C59FF2F002918B9 /* DataManager.swift */; };
		5FE8FCF41C8599BA00DC6EBC /* SelectAddressViewController.swift in Sources */ = {isa = PBXBuildFile; fileRef = 5FE8FCF31C8599BA00DC6EBC /* SelectAddressViewController.swift */; };
		5FF3A59A1C71E76100C727A3 /* CartViewController.swift in Sources */ = {isa = PBXBuildFile; fileRef = 5FF3A5991C71E76100C727A3 /* CartViewController.swift */; };
		5FF3A59C1C71EAB500C727A3 /* CartTableViewCell.swift in Sources */ = {isa = PBXBuildFile; fileRef = 5FF3A59B1C71EAB500C727A3 /* CartTableViewCell.swift */; };
		5FF8A3691C7F00A9002FAB1D /* OrderSummaryViewController.swift in Sources */ = {isa = PBXBuildFile; fileRef = 5FF8A3681C7F00A9002FAB1D /* OrderSummaryViewController.swift */; };
		5FF8A36B1C7F1229002FAB1D /* OrderSummaryCell.swift in Sources */ = {isa = PBXBuildFile; fileRef = 5FF8A36A1C7F1229002FAB1D /* OrderSummaryCell.swift */; };
		5FFA35A81C8459B900D98658 /* AddressCard.xib in Resources */ = {isa = PBXBuildFile; fileRef = 5FFA35A71C8459B900D98658 /* AddressCard.xib */; };
		5FFA35AA1C845BD900D98658 /* AddressCard.swift in Sources */ = {isa = PBXBuildFile; fileRef = 5FFA35A91C845BD900D98658 /* AddressCard.swift */; };
/* End PBXBuildFile section */

/* Begin PBXFileReference section */
		5F0645F31C8053080013849A /* ChoosePaymentViewController.swift */ = {isa = PBXFileReference; fileEncoding = 4; lastKnownFileType = sourcecode.swift; path = ChoosePaymentViewController.swift; sourceTree = "<group>"; };
		5F0645F51C805E550013849A /* ChoosePaymentCell.swift */ = {isa = PBXFileReference; fileEncoding = 4; lastKnownFileType = sourcecode.swift; path = ChoosePaymentCell.swift; sourceTree = "<group>"; };
		5F0A76601C52267A00C8B46C /* SwiftyJSON.swift */ = {isa = PBXFileReference; fileEncoding = 4; lastKnownFileType = sourcecode.swift; path = SwiftyJSON.swift; sourceTree = "<group>"; };
		5F0A76621C52312F00C8B46C /* Dish.swift */ = {isa = PBXFileReference; fileEncoding = 4; lastKnownFileType = sourcecode.swift; path = Dish.swift; sourceTree = "<group>"; };
		5F0A76641C523F6800C8B46C /* Downloader.swift */ = {isa = PBXFileReference; fileEncoding = 4; lastKnownFileType = sourcecode.swift; path = Downloader.swift; sourceTree = "<group>"; };
		5F27C0221C608CD5000ABA7E /* RateChefViewController.swift */ = {isa = PBXFileReference; fileEncoding = 4; lastKnownFileType = sourcecode.swift; path = RateChefViewController.swift; sourceTree = "<group>"; };
		5F27C0241C60AE0B000ABA7E /* RateCustomerViewController.swift */ = {isa = PBXFileReference; fileEncoding = 4; lastKnownFileType = sourcecode.swift; path = RateCustomerViewController.swift; sourceTree = "<group>"; };
		5F3781581C3BA8B6002CC562 /* LunchTableViewController.swift */ = {isa = PBXFileReference; fileEncoding = 4; lastKnownFileType = sourcecode.swift; path = LunchTableViewController.swift; sourceTree = "<group>"; };
		5F37815A1C3BA8C9002CC562 /* DinnerTableViewController.swift */ = {isa = PBXFileReference; fileEncoding = 4; lastKnownFileType = sourcecode.swift; path = DinnerTableViewController.swift; sourceTree = "<group>"; };
		5F37815C1C3BA8D7002CC562 /* SnacksTableViewController.swift */ = {isa = PBXFileReference; fileEncoding = 4; lastKnownFileType = sourcecode.swift; path = SnacksTableViewController.swift; sourceTree = "<group>"; };
		5F37815E1C3BF891002CC562 /* Flocally-Bridging-Header.h */ = {isa = PBXFileReference; lastKnownFileType = sourcecode.c.h; path = "Flocally-Bridging-Header.h"; sourceTree = "<group>"; };
		5F37815F1C3BF893002CC562 /* SWRevealViewController.h */ = {isa = PBXFileReference; fileEncoding = 4; lastKnownFileType = sourcecode.c.h; path = SWRevealViewController.h; sourceTree = "<group>"; };
		5F3781601C3BF893002CC562 /* SWRevealViewController.m */ = {isa = PBXFileReference; fileEncoding = 4; lastKnownFileType = sourcecode.c.objc; path = SWRevealViewController.m; sourceTree = "<group>"; };
		5F3781651C3C00ED002CC562 /* Fabric.framework */ = {isa = PBXFileReference; lastKnownFileType = wrapper.framework; path = Fabric.framework; sourceTree = "<group>"; };
		5F3781661C3C00ED002CC562 /* Crashlytics.framework */ = {isa = PBXFileReference; lastKnownFileType = wrapper.framework; path = Crashlytics.framework; sourceTree = "<group>"; };
		5F6FA1C81C75FE4D002A66F8 /* OTPViewController.swift */ = {isa = PBXFileReference; fileEncoding = 4; lastKnownFileType = sourcecode.swift; path = OTPViewController.swift; sourceTree = "<group>"; };
		5F8602101C62193A001A8769 /* CustomSearchBar.swift */ = {isa = PBXFileReference; fileEncoding = 4; lastKnownFileType = sourcecode.swift; path = CustomSearchBar.swift; sourceTree = "<group>"; };
		5F8602111C62193A001A8769 /* CustomSearchController.swift */ = {isa = PBXFileReference; fileEncoding = 4; lastKnownFileType = sourcecode.swift; path = CustomSearchController.swift; sourceTree = "<group>"; };
		5F8602141C621973001A8769 /* SearchResultsController.swift */ = {isa = PBXFileReference; fileEncoding = 4; lastKnownFileType = sourcecode.swift; path = SearchResultsController.swift; sourceTree = "<group>"; };
		5F8754931C64B36D00A275C0 /* HitTestView.swift */ = {isa = PBXFileReference; fileEncoding = 4; lastKnownFileType = sourcecode.swift; path = HitTestView.swift; sourceTree = "<group>"; };
		5F8EFDBD1C6C742B003E7354 /* roboto.bold.ttf */ = {isa = PBXFileReference; lastKnownFileType = file; path = roboto.bold.ttf; sourceTree = "<group>"; };
		5F8EFDBE1C6C742B003E7354 /* roboto.light.ttf */ = {isa = PBXFileReference; lastKnownFileType = file; path = roboto.light.ttf; sourceTree = "<group>"; };
		5F8EFDBF1C6C742B003E7354 /* roboto.medium.ttf */ = {isa = PBXFileReference; lastKnownFileType = file; path = roboto.medium.ttf; sourceTree = "<group>"; };
		5F8EFDC01C6C742B003E7354 /* roboto.regular.ttf */ = {isa = PBXFileReference; lastKnownFileType = file; path = roboto.regular.ttf; sourceTree = "<group>"; };
		5F8EFDC71C6C8D77003E7354 /* roboto.light-italic.ttf */ = {isa = PBXFileReference; lastKnownFileType = file; path = "roboto.light-italic.ttf"; sourceTree = "<group>"; };
		5F8EFDC91C6C8E04003E7354 /* roboto.italic.ttf */ = {isa = PBXFileReference; lastKnownFileType = file; path = roboto.italic.ttf; sourceTree = "<group>"; };
		5F942E5E1CBD0EEC0040D06A /* AddNewAddressViewController.swift */ = {isa = PBXFileReference; fileEncoding = 4; lastKnownFileType = sourcecode.swift; path = AddNewAddressViewController.swift; sourceTree = "<group>"; };
		5F942E601CBD107C0040D06A /* Address.swift */ = {isa = PBXFileReference; fileEncoding = 4; lastKnownFileType = sourcecode.swift; path = Address.swift; sourceTree = "<group>"; };
		5FA4D3721C560DE200F5FB1C /* ChefScreenViewController.swift */ = {isa = PBXFileReference; fileEncoding = 4; lastKnownFileType = sourcecode.swift; path = ChefScreenViewController.swift; sourceTree = "<group>"; };
		5FA4D3741C56219D00F5FB1C /* HelpTableViewController.swift */ = {isa = PBXFileReference; fileEncoding = 4; lastKnownFileType = sourcecode.swift; path = HelpTableViewController.swift; sourceTree = "<group>"; };
		5FA5196B1C61E4F100501FCF /* UINavigationBarTaller.swift */ = {isa = PBXFileReference; fileEncoding = 4; lastKnownFileType = sourcecode.swift; path = UINavigationBarTaller.swift; sourceTree = "<group>"; };
		5FAE04C81C520B0C00F8E6A3 /* Chef.swift */ = {isa = PBXFileReference; fileEncoding = 4; lastKnownFileType = sourcecode.swift; path = Chef.swift; sourceTree = "<group>"; };
		5FAE04CA1C52108700F8E6A3 /* RequestManager.swift */ = {isa = PBXFileReference; fileEncoding = 4; lastKnownFileType = sourcecode.swift; path = RequestManager.swift; sourceTree = "<group>"; };
		5FAE04CC1C5210C500F8E6A3 /* WebServiceURLs.swift */ = {isa = PBXFileReference; fileEncoding = 4; lastKnownFileType = sourcecode.swift; path = WebServiceURLs.swift; sourceTree = "<group>"; };
		5FB48D0D1C63841900A2203F /* ChefSectionReviewsViewController.swift */ = {isa = PBXFileReference; fileEncoding = 4; lastKnownFileType = sourcecode.swift; path = ChefSectionReviewsViewController.swift; sourceTree = "<group>"; };
		5FB48D0F1C6385B200A2203F /* ChefSectionReviewCell.swift */ = {isa = PBXFileReference; fileEncoding = 4; lastKnownFileType = sourcecode.swift; path = ChefSectionReviewCell.swift; sourceTree = "<group>"; };
		5FB624891C5F386D0016F1DB /* Extensions.swift */ = {isa = PBXFileReference; fileEncoding = 4; lastKnownFileType = sourcecode.swift; path = Extensions.swift; sourceTree = "<group>"; };
		5FB6248B1C5F588E0016F1DB /* FooterViewController.swift */ = {isa = PBXFileReference; fileEncoding = 4; lastKnownFileType = sourcecode.swift; path = FooterViewController.swift; sourceTree = "<group>"; };
		5FBCD2561C58E1D0001AAB85 /* DishScreenViewController.swift */ = {isa = PBXFileReference; fileEncoding = 4; lastKnownFileType = sourcecode.swift; path = DishScreenViewController.swift; sourceTree = "<group>"; };
		5FC0A8961C89A84A00907276 /* scrollViewTesting.swift */ = {isa = PBXFileReference; fileEncoding = 4; lastKnownFileType = sourcecode.swift; path = scrollViewTesting.swift; sourceTree = "<group>"; };
		5FC9E6FD1C3A8847008B5877 /* Flocally.app */ = {isa = PBXFileReference; explicitFileType = wrapper.application; includeInIndex = 0; path = Flocally.app; sourceTree = BUILT_PRODUCTS_DIR; };
		5FC9E7001C3A8847008B5877 /* AppDelegate.swift */ = {isa = PBXFileReference; lastKnownFileType = sourcecode.swift; path = AppDelegate.swift; sourceTree = "<group>"; };
		5FC9E7021C3A8847008B5877 /* ViewController.swift */ = {isa = PBXFileReference; lastKnownFileType = sourcecode.swift; path = ViewController.swift; sourceTree = "<group>"; };
		5FC9E7051C3A8847008B5877 /* Base */ = {isa = PBXFileReference; lastKnownFileType = file.storyboard; name = Base; path = Base.lproj/Main.storyboard; sourceTree = "<group>"; };
		5FC9E7071C3A8847008B5877 /* Assets.xcassets */ = {isa = PBXFileReference; lastKnownFileType = folder.assetcatalog; path = Assets.xcassets; sourceTree = "<group>"; };
		5FC9E70A1C3A8847008B5877 /* Base */ = {isa = PBXFileReference; lastKnownFileType = file.storyboard; name = Base; path = Base.lproj/LaunchScreen.storyboard; sourceTree = "<group>"; };
		5FC9E70C1C3A8847008B5877 /* Info.plist */ = {isa = PBXFileReference; lastKnownFileType = text.plist.xml; path = Info.plist; sourceTree = "<group>"; };
		5FC9E7121C3A89C0008B5877 /* MenuItemView.swift */ = {isa = PBXFileReference; fileEncoding = 4; lastKnownFileType = sourcecode.swift; path = MenuItemView.swift; sourceTree = "<group>"; };
		5FC9E7131C3A89C0008B5877 /* MenuView.swift */ = {isa = PBXFileReference; fileEncoding = 4; lastKnownFileType = sourcecode.swift; path = MenuView.swift; sourceTree = "<group>"; };
		5FC9E7141C3A89C0008B5877 /* PagingMenuController.swift */ = {isa = PBXFileReference; fileEncoding = 4; lastKnownFileType = sourcecode.swift; path = PagingMenuController.swift; sourceTree = "<group>"; };
		5FC9E7151C3A89C0008B5877 /* PagingMenuOptions.swift */ = {isa = PBXFileReference; fileEncoding = 4; lastKnownFileType = sourcecode.swift; path = PagingMenuOptions.swift; sourceTree = "<group>"; };
		5FC9E71B1C3AA4F4008B5877 /* BreakFastTableViewController.swift */ = {isa = PBXFileReference; fileEncoding = 4; lastKnownFileType = sourcecode.swift; path = BreakFastTableViewController.swift; sourceTree = "<group>"; };
		5FCA67521C7722BD00514AA8 /* MenuTableViewController.swift */ = {isa = PBXFileReference; fileEncoding = 4; lastKnownFileType = sourcecode.swift; path = MenuTableViewController.swift; sourceTree = "<group>"; };
		5FCD06E41C3CF0D40038A4C0 /* RatingView.swift */ = {isa = PBXFileReference; fileEncoding = 4; lastKnownFileType = sourcecode.swift; path = RatingView.swift; sourceTree = "<group>"; };
		5FCD06EC1C3D33F80038A4C0 /* CustomTableViewCell.swift */ = {isa = PBXFileReference; fileEncoding = 4; lastKnownFileType = sourcecode.swift; path = CustomTableViewCell.swift; sourceTree = "<group>"; };
		5FD2DAD51C7C67570045CFB3 /* BBBadgeBarButtonItem.h */ = {isa = PBXFileReference; fileEncoding = 4; lastKnownFileType = sourcecode.c.h; path = BBBadgeBarButtonItem.h; sourceTree = "<group>"; };
		5FD2DAD61C7C67570045CFB3 /* BBBadgeBarButtonItem.m */ = {isa = PBXFileReference; fileEncoding = 4; lastKnownFileType = sourcecode.c.objc; path = BBBadgeBarButtonItem.m; sourceTree = "<group>"; };
		5FDF62761C59ECE4002918B9 /* HelpTableViewCell.swift */ = {isa = PBXFileReference; fileEncoding = 4; lastKnownFileType = sourcecode.swift; path = HelpTableViewCell.swift; sourceTree = "<group>"; };
		5FDF62781C59FF2F002918B9 /* DataManager.swift */ = {isa = PBXFileReference; fileEncoding = 4; lastKnownFileType = sourcecode.swift; path = DataManager.swift; sourceTree = "<group>"; };
		5FE8FCF31C8599BA00DC6EBC /* SelectAddressViewController.swift */ = {isa = PBXFileReference; fileEncoding = 4; lastKnownFileType = sourcecode.swift; path = SelectAddressViewController.swift; sourceTree = "<group>"; };
		5FF3A5991C71E76100C727A3 /* CartViewController.swift */ = {isa = PBXFileReference; fileEncoding = 4; lastKnownFileType = sourcecode.swift; path = CartViewController.swift; sourceTree = "<group>"; };
		5FF3A59B1C71EAB500C727A3 /* CartTableViewCell.swift */ = {isa = PBXFileReference; fileEncoding = 4; lastKnownFileType = sourcecode.swift; path = CartTableViewCell.swift; sourceTree = "<group>"; };
		5FF8A3681C7F00A9002FAB1D /* OrderSummaryViewController.swift */ = {isa = PBXFileReference; fileEncoding = 4; lastKnownFileType = sourcecode.swift; path = OrderSummaryViewController.swift; sourceTree = "<group>"; };
		5FF8A36A1C7F1229002FAB1D /* OrderSummaryCell.swift */ = {isa = PBXFileReference; fileEncoding = 4; lastKnownFileType = sourcecode.swift; path = OrderSummaryCell.swift; sourceTree = "<group>"; };
		5FFA35A71C8459B900D98658 /* AddressCard.xib */ = {isa = PBXFileReference; fileEncoding = 4; lastKnownFileType = file.xib; path = AddressCard.xib; sourceTree = "<group>"; };
		5FFA35A91C845BD900D98658 /* AddressCard.swift */ = {isa = PBXFileReference; fileEncoding = 4; lastKnownFileType = sourcecode.swift; path = AddressCard.swift; sourceTree = "<group>"; };
/* End PBXFileReference section */

/* Begin PBXFrameworksBuildPhase section */
		5FC9E6FA1C3A8847008B5877 /* Frameworks */ = {
			isa = PBXFrameworksBuildPhase;
			buildActionMask = 2147483647;
			files = (
				5F3781681C3C00ED002CC562 /* Crashlytics.framework in Frameworks */,
				5F3781671C3C00ED002CC562 /* Fabric.framework in Frameworks */,
			);
			runOnlyForDeploymentPostprocessing = 0;
		};
/* End PBXFrameworksBuildPhase section */

/* Begin PBXGroup section */
		5F8EFDC61C6C7452003E7354 /* Custom Fonts */ = {
			isa = PBXGroup;
			children = (
				5F8EFDBD1C6C742B003E7354 /* roboto.bold.ttf */,
				5F8EFDBE1C6C742B003E7354 /* roboto.light.ttf */,
				5F8EFDC91C6C8E04003E7354 /* roboto.italic.ttf */,
				5F8EFDC71C6C8D77003E7354 /* roboto.light-italic.ttf */,
				5F8EFDBF1C6C742B003E7354 /* roboto.medium.ttf */,
				5F8EFDC01C6C742B003E7354 /* roboto.regular.ttf */,
			);
			name = "Custom Fonts";
			sourceTree = "<group>";
		};
		5FAE04C71C520AF000F8E6A3 /* Model */ = {
			isa = PBXGroup;
			children = (
				5FAE04C81C520B0C00F8E6A3 /* Chef.swift */,
				5F0A76621C52312F00C8B46C /* Dish.swift */,
				5FDF62781C59FF2F002918B9 /* DataManager.swift */,
				5F942E601CBD107C0040D06A /* Address.swift */,
			);
			name = Model;
			sourceTree = "<group>";
		};
		5FC9E6F41C3A8847008B5877 = {
			isa = PBXGroup;
			children = (
				5FC9E6FF1C3A8847008B5877 /* Flocally */,
				5FC9E6FE1C3A8847008B5877 /* Products */,
			);
			sourceTree = "<group>";
		};
		5FC9E6FE1C3A8847008B5877 /* Products */ = {
			isa = PBXGroup;
			children = (
				5FC9E6FD1C3A8847008B5877 /* Flocally.app */,
			);
			name = Products;
			sourceTree = "<group>";
		};
		5FC9E6FF1C3A8847008B5877 /* Flocally */ = {
			isa = PBXGroup;
			children = (
				5FC9E70C1C3A8847008B5877 /* Info.plist */,
				5FC9E7071C3A8847008B5877 /* Assets.xcassets */,
				5F8EFDC61C6C7452003E7354 /* Custom Fonts */,
				5FC9E7001C3A8847008B5877 /* AppDelegate.swift */,
				5FAE04C71C520AF000F8E6A3 /* Model */,
				5FCD06E31C3CF0C50038A4C0 /* Libraries */,
				5FCD06EA1C3D332C0038A4C0 /* Views */,
				5FCD06E91C3D32DF0038A4C0 /* Controllers */,
				5FCD06EB1C3D336E0038A4C0 /* Classes and Extensions */,
				5FCD06E81C3D32C20038A4C0 /* Frameworks */,
			);
			path = Flocally;
			sourceTree = "<group>";
		};
		5FC9E71A1C3A89C9008B5877 /* PageMenuLibrary */ = {
			isa = PBXGroup;
			children = (
				5FC9E7121C3A89C0008B5877 /* MenuItemView.swift */,
				5FC9E7131C3A89C0008B5877 /* MenuView.swift */,
				5FC9E7141C3A89C0008B5877 /* PagingMenuController.swift */,
				5FC9E7151C3A89C0008B5877 /* PagingMenuOptions.swift */,
			);
			name = PageMenuLibrary;
			sourceTree = "<group>";
		};
		5FCD06E31C3CF0C50038A4C0 /* Libraries */ = {
			isa = PBXGroup;
			children = (
				5FD2DAD81C7C67610045CFB3 /* CartBadge */,
				5F0A76601C52267A00C8B46C /* SwiftyJSON.swift */,
				5F37815E1C3BF891002CC562 /* Flocally-Bridging-Header.h */,
				5FCD06E71C3D32A80038A4C0 /* HamburgerMenu */,
				5FCD06E61C3CF0FF0038A4C0 /* RatingBar */,
				5FC9E71A1C3A89C9008B5877 /* PageMenuLibrary */,
			);
			name = Libraries;
			sourceTree = "<group>";
		};
		5FCD06E61C3CF0FF0038A4C0 /* RatingBar */ = {
			isa = PBXGroup;
			children = (
				5FCD06E41C3CF0D40038A4C0 /* RatingView.swift */,
			);
			name = RatingBar;
			sourceTree = "<group>";
		};
		5FCD06E71C3D32A80038A4C0 /* HamburgerMenu */ = {
			isa = PBXGroup;
			children = (
				5F37815F1C3BF893002CC562 /* SWRevealViewController.h */,
				5F3781601C3BF893002CC562 /* SWRevealViewController.m */,
			);
			name = HamburgerMenu;
			sourceTree = "<group>";
		};
		5FCD06E81C3D32C20038A4C0 /* Frameworks */ = {
			isa = PBXGroup;
			children = (
				5F3781651C3C00ED002CC562 /* Fabric.framework */,
				5F3781661C3C00ED002CC562 /* Crashlytics.framework */,
			);
			name = Frameworks;
			sourceTree = "<group>";
		};
		5FCD06E91C3D32DF0038A4C0 /* Controllers */ = {
			isa = PBXGroup;
			children = (
				5FC9E7021C3A8847008B5877 /* ViewController.swift */,
				5FC9E71B1C3AA4F4008B5877 /* BreakFastTableViewController.swift */,
				5F3781581C3BA8B6002CC562 /* LunchTableViewController.swift */,
				5F37815A1C3BA8C9002CC562 /* DinnerTableViewController.swift */,
				5F37815C1C3BA8D7002CC562 /* SnacksTableViewController.swift */,
				5FA4D3721C560DE200F5FB1C /* ChefScreenViewController.swift */,
				5FA4D3741C56219D00F5FB1C /* HelpTableViewController.swift */,
				5FBCD2561C58E1D0001AAB85 /* DishScreenViewController.swift */,
				5FB6248B1C5F588E0016F1DB /* FooterViewController.swift */,
				5F27C0221C608CD5000ABA7E /* RateChefViewController.swift */,
				5F27C0241C60AE0B000ABA7E /* RateCustomerViewController.swift */,
				5FB48D0D1C63841900A2203F /* ChefSectionReviewsViewController.swift */,
				5FF3A5991C71E76100C727A3 /* CartViewController.swift */,
				5F6FA1C81C75FE4D002A66F8 /* OTPViewController.swift */,
				5FCA67521C7722BD00514AA8 /* MenuTableViewController.swift */,
				5FF8A3681C7F00A9002FAB1D /* OrderSummaryViewController.swift */,
				5F0645F31C8053080013849A /* ChoosePaymentViewController.swift */,
				5FE8FCF31C8599BA00DC6EBC /* SelectAddressViewController.swift */,
				5FC0A8961C89A84A00907276 /* scrollViewTesting.swift */,
				5F942E5E1CBD0EEC0040D06A /* AddNewAddressViewController.swift */,
			);
			name = Controllers;
			sourceTree = "<group>";
		};
		5FCD06EA1C3D332C0038A4C0 /* Views */ = {
			isa = PBXGroup;
			children = (
				5FC9E7041C3A8847008B5877 /* Main.storyboard */,
				5FC9E7091C3A8847008B5877 /* LaunchScreen.storyboard */,
				5FFA35A71C8459B900D98658 /* AddressCard.xib */,
				5FFA35A91C845BD900D98658 /* AddressCard.swift */,
			);
			name = Views;
			sourceTree = "<group>";
		};
		5FCD06EB1C3D336E0038A4C0 /* Classes and Extensions */ = {
			isa = PBXGroup;
			children = (
				5F8602101C62193A001A8769 /* CustomSearchBar.swift */,
				5F8602141C621973001A8769 /* SearchResultsController.swift */,
				5F8602111C62193A001A8769 /* CustomSearchController.swift */,
				5FCD06EC1C3D33F80038A4C0 /* CustomTableViewCell.swift */,
				5FAE04CA1C52108700F8E6A3 /* RequestManager.swift */,
				5FAE04CC1C5210C500F8E6A3 /* WebServiceURLs.swift */,
				5F0A76641C523F6800C8B46C /* Downloader.swift */,
				5FDF62761C59ECE4002918B9 /* HelpTableViewCell.swift */,
				5FB624891C5F386D0016F1DB /* Extensions.swift */,
				5FA5196B1C61E4F100501FCF /* UINavigationBarTaller.swift */,
				5FB48D0F1C6385B200A2203F /* ChefSectionReviewCell.swift */,
				5F8754931C64B36D00A275C0 /* HitTestView.swift */,
				5FF3A59B1C71EAB500C727A3 /* CartTableViewCell.swift */,
				5FF8A36A1C7F1229002FAB1D /* OrderSummaryCell.swift */,
				5F0645F51C805E550013849A /* ChoosePaymentCell.swift */,
			);
			name = "Classes and Extensions";
			path = ..;
			sourceTree = "<group>";
		};
		5FD2DAD81C7C67610045CFB3 /* CartBadge */ = {
			isa = PBXGroup;
			children = (
				5FD2DAD51C7C67570045CFB3 /* BBBadgeBarButtonItem.h */,
				5FD2DAD61C7C67570045CFB3 /* BBBadgeBarButtonItem.m */,
			);
			name = CartBadge;
			sourceTree = "<group>";
		};
/* End PBXGroup section */

/* Begin PBXNativeTarget section */
		5FC9E6FC1C3A8847008B5877 /* Flocally */ = {
			isa = PBXNativeTarget;
			buildConfigurationList = 5FC9E70F1C3A8847008B5877 /* Build configuration list for PBXNativeTarget "Flocally" */;
			buildPhases = (
				5FC9E6F91C3A8847008B5877 /* Sources */,
				5FC9E6FA1C3A8847008B5877 /* Frameworks */,
				5FC9E6FB1C3A8847008B5877 /* Resources */,
				5F3781641C3C00BA002CC562 /* ShellScript */,
			);
			buildRules = (
			);
			dependencies = (
			);
			name = Flocally;
			productName = Flocally;
			productReference = 5FC9E6FD1C3A8847008B5877 /* Flocally.app */;
			productType = "com.apple.product-type.application";
		};
/* End PBXNativeTarget section */

/* Begin PBXProject section */
		5FC9E6F51C3A8847008B5877 /* Project object */ = {
			isa = PBXProject;
			attributes = {
				LastSwiftUpdateCheck = 0720;
				LastUpgradeCheck = 0720;
				ORGANIZATIONNAME = "Nikhil Srivastava";
				TargetAttributes = {
					5FC9E6FC1C3A8847008B5877 = {
						CreatedOnToolsVersion = 7.2;
						DevelopmentTeam = K37J4WCRKJ;
					};
				};
			};
			buildConfigurationList = 5FC9E6F81C3A8847008B5877 /* Build configuration list for PBXProject "Flocally" */;
			compatibilityVersion = "Xcode 3.2";
			developmentRegion = English;
			hasScannedForEncodings = 0;
			knownRegions = (
				en,
				Base,
			);
			mainGroup = 5FC9E6F41C3A8847008B5877;
			productRefGroup = 5FC9E6FE1C3A8847008B5877 /* Products */;
			projectDirPath = "";
			projectRoot = "";
			targets = (
				5FC9E6FC1C3A8847008B5877 /* Flocally */,
			);
		};
/* End PBXProject section */

/* Begin PBXResourcesBuildPhase section */
		5FC9E6FB1C3A8847008B5877 /* Resources */ = {
			isa = PBXResourcesBuildPhase;
			buildActionMask = 2147483647;
			files = (
				5FFA35A81C8459B900D98658 /* AddressCard.xib in Resources */,
				5FC9E70B1C3A8847008B5877 /* LaunchScreen.storyboard in Resources */,
				5F8EFDC81C6C8D77003E7354 /* roboto.light-italic.ttf in Resources */,
				5FC9E7081C3A8847008B5877 /* Assets.xcassets in Resources */,
				5FC9E7061C3A8847008B5877 /* Main.storyboard in Resources */,
				5F8EFDCA1C6C8E04003E7354 /* roboto.italic.ttf in Resources */,
				5F8EFDC11C6C742B003E7354 /* roboto.bold.ttf in Resources */,
				5F8EFDC21C6C742B003E7354 /* roboto.light.ttf in Resources */,
				5F8EFDC31C6C742B003E7354 /* roboto.medium.ttf in Resources */,
				5F8EFDC41C6C742B003E7354 /* roboto.regular.ttf in Resources */,
			);
			runOnlyForDeploymentPostprocessing = 0;
		};
/* End PBXResourcesBuildPhase section */

/* Begin PBXShellScriptBuildPhase section */
		5F3781641C3C00BA002CC562 /* ShellScript */ = {
			isa = PBXShellScriptBuildPhase;
			buildActionMask = 2147483647;
			files = (
			);
			inputPaths = (
			);
			outputPaths = (
			);
			runOnlyForDeploymentPostprocessing = 0;
			shellPath = /bin/sh;
			shellScript = "./Fabric.framework/run 701deba335050d0d9e2859b4ca3b29cefeb496ff 9cb61239c7b1de7936977d7d88d82a71943f9a0f6c6a7344920b5b999426480d";
		};
/* End PBXShellScriptBuildPhase section */

/* Begin PBXSourcesBuildPhase section */
		5FC9E6F91C3A8847008B5877 /* Sources */ = {
			isa = PBXSourcesBuildPhase;
			buildActionMask = 2147483647;
			files = (
				5F27C0231C608CD5000ABA7E /* RateChefViewController.swift in Sources */,
				5FA4D3751C56219D00F5FB1C /* HelpTableViewController.swift in Sources */,
				5FCA67531C7722BE00514AA8 /* MenuTableViewController.swift in Sources */,
				5FB48D0E1C63841900A2203F /* ChefSectionReviewsViewController.swift in Sources */,
				5FA4D3731C560DE200F5FB1C /* ChefScreenViewController.swift in Sources */,
				5F0645F61C805E550013849A /* ChoosePaymentCell.swift in Sources */,
				5FB6248A1C5F386D0016F1DB /* Extensions.swift in Sources */,
				5F8602151C621973001A8769 /* SearchResultsController.swift in Sources */,
				5F37815D1C3BA8D7002CC562 /* SnacksTableViewController.swift in Sources */,
				5FC9E7031C3A8847008B5877 /* ViewController.swift in Sources */,
				5F8754941C64B36D00A275C0 /* HitTestView.swift in Sources */,
				5FAE04CB1C52108700F8E6A3 /* RequestManager.swift in Sources */,
				5FDF62771C59ECE4002918B9 /* HelpTableViewCell.swift in Sources */,
				5F27C0251C60AE0B000ABA7E /* RateCustomerViewController.swift in Sources */,
				5FCD06ED1C3D33F80038A4C0 /* CustomTableViewCell.swift in Sources */,
				5F8602121C62193A001A8769 /* CustomSearchBar.swift in Sources */,
				5F8602131C62193A001A8769 /* CustomSearchController.swift in Sources */,
				5FAE04CD1C5210C500F8E6A3 /* WebServiceURLs.swift in Sources */,
				5FC0A8971C89A84A00907276 /* scrollViewTesting.swift in Sources */,
				5FF3A59A1C71E76100C727A3 /* CartViewController.swift in Sources */,
				5FBCD2571C58E1D0001AAB85 /* DishScreenViewController.swift in Sources */,
				5FC9E7191C3A89C0008B5877 /* PagingMenuOptions.swift in Sources */,
				5FE8FCF41C8599BA00DC6EBC /* SelectAddressViewController.swift in Sources */,
				5F3781591C3BA8B6002CC562 /* LunchTableViewController.swift in Sources */,
				5FF8A3691C7F00A9002FAB1D /* OrderSummaryViewController.swift in Sources */,
				5FF3A59C1C71EAB500C727A3 /* CartTableViewCell.swift in Sources */,
				5FC9E7181C3A89C0008B5877 /* PagingMenuController.swift in Sources */,
				5FB6248C1C5F588E0016F1DB /* FooterViewController.swift in Sources */,
				5FC9E71C1C3AA4F4008B5877 /* BreakFastTableViewController.swift in Sources */,
				5FFA35AA1C845BD900D98658 /* AddressCard.swift in Sources */,
				5F0A76651C523F6800C8B46C /* Downloader.swift in Sources */,
				5FA5196C1C61E4F100501FCF /* UINavigationBarTaller.swift in Sources */,
				5F0A76631C52312F00C8B46C /* Dish.swift in Sources */,
				5FCD06E51C3CF0D40038A4C0 /* RatingView.swift in Sources */,
				5F942E611CBD107C0040D06A /* Address.swift in Sources */,
				5FC9E7171C3A89C0008B5877 /* MenuView.swift in Sources */,
				5F0645F41C8053080013849A /* ChoosePaymentViewController.swift in Sources */,
				5FC9E7161C3A89C0008B5877 /* MenuItemView.swift in Sources */,
				5F6FA1C91C75FE4D002A66F8 /* OTPViewController.swift in Sources */,
				5FD2DAD71C7C67570045CFB3 /* BBBadgeBarButtonItem.m in Sources */,
				5F3781611C3BF893002CC562 /* SWRevealViewController.m in Sources */,
				5FC9E7011C3A8847008B5877 /* AppDelegate.swift in Sources */,
				5FB48D101C6385B200A2203F /* ChefSectionReviewCell.swift in Sources */,
				5FDF62791C59FF2F002918B9 /* DataManager.swift in Sources */,
				5F0A76611C52267A00C8B46C /* SwiftyJSON.swift in Sources */,
				5F942E5F1CBD0EEC0040D06A /* AddNewAddressViewController.swift in Sources */,
				5FF8A36B1C7F1229002FAB1D /* OrderSummaryCell.swift in Sources */,
				5FAE04C91C520B0C00F8E6A3 /* Chef.swift in Sources */,
				5F37815B1C3BA8C9002CC562 /* DinnerTableViewController.swift in Sources */,
			);
			runOnlyForDeploymentPostprocessing = 0;
		};
/* End PBXSourcesBuildPhase section */

/* Begin PBXVariantGroup section */
		5FC9E7041C3A8847008B5877 /* Main.storyboard */ = {
			isa = PBXVariantGroup;
			children = (
				5FC9E7051C3A8847008B5877 /* Base */,
			);
			name = Main.storyboard;
			sourceTree = "<group>";
		};
		5FC9E7091C3A8847008B5877 /* LaunchScreen.storyboard */ = {
			isa = PBXVariantGroup;
			children = (
				5FC9E70A1C3A8847008B5877 /* Base */,
			);
			name = LaunchScreen.storyboard;
			sourceTree = "<group>";
		};
/* End PBXVariantGroup section */

/* Begin XCBuildConfiguration section */
		5FC9E70D1C3A8847008B5877 /* Debug */ = {
			isa = XCBuildConfiguration;
			buildSettings = {
				ALWAYS_SEARCH_USER_PATHS = NO;
				CLANG_CXX_LANGUAGE_STANDARD = "gnu++0x";
				CLANG_CXX_LIBRARY = "libc++";
				CLANG_ENABLE_MODULES = YES;
				CLANG_ENABLE_OBJC_ARC = YES;
				CLANG_WARN_BOOL_CONVERSION = YES;
				CLANG_WARN_CONSTANT_CONVERSION = YES;
				CLANG_WARN_DIRECT_OBJC_ISA_USAGE = YES_ERROR;
				CLANG_WARN_EMPTY_BODY = YES;
				CLANG_WARN_ENUM_CONVERSION = YES;
				CLANG_WARN_INT_CONVERSION = YES;
				CLANG_WARN_OBJC_ROOT_CLASS = YES_ERROR;
				CLANG_WARN_UNREACHABLE_CODE = YES;
				CLANG_WARN__DUPLICATE_METHOD_MATCH = YES;
				"CODE_SIGN_IDENTITY[sdk=iphoneos*]" = "iPhone Developer";
				COPY_PHASE_STRIP = NO;
				DEBUG_INFORMATION_FORMAT = dwarf;
				ENABLE_STRICT_OBJC_MSGSEND = YES;
				ENABLE_TESTABILITY = YES;
				GCC_C_LANGUAGE_STANDARD = gnu99;
				GCC_DYNAMIC_NO_PIC = NO;
				GCC_NO_COMMON_BLOCKS = YES;
				GCC_OPTIMIZATION_LEVEL = 0;
				GCC_PREPROCESSOR_DEFINITIONS = (
					"DEBUG=1",
					"$(inherited)",
				);
				GCC_WARN_64_TO_32_BIT_CONVERSION = YES;
				GCC_WARN_ABOUT_RETURN_TYPE = YES_ERROR;
				GCC_WARN_UNDECLARED_SELECTOR = YES;
				GCC_WARN_UNINITIALIZED_AUTOS = YES_AGGRESSIVE;
				GCC_WARN_UNUSED_FUNCTION = YES;
				GCC_WARN_UNUSED_VARIABLE = YES;
				IPHONEOS_DEPLOYMENT_TARGET = 9.2;
				MTL_ENABLE_DEBUG_INFO = YES;
				ONLY_ACTIVE_ARCH = YES;
				SDKROOT = iphoneos;
				SWIFT_OPTIMIZATION_LEVEL = "-Onone";
				TARGETED_DEVICE_FAMILY = "1,2";
			};
			name = Debug;
		};
		5FC9E70E1C3A8847008B5877 /* Release */ = {
			isa = XCBuildConfiguration;
			buildSettings = {
				ALWAYS_SEARCH_USER_PATHS = NO;
				CLANG_CXX_LANGUAGE_STANDARD = "gnu++0x";
				CLANG_CXX_LIBRARY = "libc++";
				CLANG_ENABLE_MODULES = YES;
				CLANG_ENABLE_OBJC_ARC = YES;
				CLANG_WARN_BOOL_CONVERSION = YES;
				CLANG_WARN_CONSTANT_CONVERSION = YES;
				CLANG_WARN_DIRECT_OBJC_ISA_USAGE = YES_ERROR;
				CLANG_WARN_EMPTY_BODY = YES;
				CLANG_WARN_ENUM_CONVERSION = YES;
				CLANG_WARN_INT_CONVERSION = YES;
				CLANG_WARN_OBJC_ROOT_CLASS = YES_ERROR;
				CLANG_WARN_UNREACHABLE_CODE = YES;
				CLANG_WARN__DUPLICATE_METHOD_MATCH = YES;
				"CODE_SIGN_IDENTITY[sdk=iphoneos*]" = "iPhone Developer";
				COPY_PHASE_STRIP = NO;
				DEBUG_INFORMATION_FORMAT = "dwarf-with-dsym";
				ENABLE_NS_ASSERTIONS = NO;
				ENABLE_STRICT_OBJC_MSGSEND = YES;
				GCC_C_LANGUAGE_STANDARD = gnu99;
				GCC_NO_COMMON_BLOCKS = YES;
				GCC_WARN_64_TO_32_BIT_CONVERSION = YES;
				GCC_WARN_ABOUT_RETURN_TYPE = YES_ERROR;
				GCC_WARN_UNDECLARED_SELECTOR = YES;
				GCC_WARN_UNINITIALIZED_AUTOS = YES_AGGRESSIVE;
				GCC_WARN_UNUSED_FUNCTION = YES;
				GCC_WARN_UNUSED_VARIABLE = YES;
				IPHONEOS_DEPLOYMENT_TARGET = 9.2;
				MTL_ENABLE_DEBUG_INFO = NO;
				SDKROOT = iphoneos;
				TARGETED_DEVICE_FAMILY = "1,2";
				VALIDATE_PRODUCT = YES;
			};
			name = Release;
		};
		5FC9E7101C3A8847008B5877 /* Debug */ = {
			isa = XCBuildConfiguration;
			buildSettings = {
				ASSETCATALOG_COMPILER_APPICON_NAME = AppIcon;
				CLANG_ENABLE_MODULES = YES;
				CODE_SIGN_IDENTITY = "iPhone Developer";
				"CODE_SIGN_IDENTITY[sdk=iphoneos*]" = "iPhone Developer";
				FRAMEWORK_SEARCH_PATHS = (
					"$(inherited)",
					"$(PROJECT_DIR)/Flocally",
				);
				INFOPLIST_FILE = Flocally/Info.plist;
				IPHONEOS_DEPLOYMENT_TARGET = 8.0;
				LD_RUNPATH_SEARCH_PATHS = "$(inherited) @executable_path/Frameworks";
				PRODUCT_BUNDLE_IDENTIFIER = com.dignitasdigital.Flocally;
				PRODUCT_NAME = "$(TARGET_NAME)";
				PROVISIONING_PROFILE = "";
				SWIFT_OBJC_BRIDGING_HEADER = "Flocally/Flocally-Bridging-Header.h";
				SWIFT_OPTIMIZATION_LEVEL = "-Onone";
			};
			name = Debug;
		};
		5FC9E7111C3A8847008B5877 /* Release */ = {
			isa = XCBuildConfiguration;
			buildSettings = {
				ASSETCATALOG_COMPILER_APPICON_NAME = AppIcon;
				CLANG_ENABLE_MODULES = YES;
				CODE_SIGN_IDENTITY = "iPhone Developer";
				"CODE_SIGN_IDENTITY[sdk=iphoneos*]" = "iPhone Developer";
				FRAMEWORK_SEARCH_PATHS = (
					"$(inherited)",
					"$(PROJECT_DIR)/Flocally",
				);
				INFOPLIST_FILE = Flocally/Info.plist;
				IPHONEOS_DEPLOYMENT_TARGET = 8.0;
				LD_RUNPATH_SEARCH_PATHS = "$(inherited) @executable_path/Frameworks";
				PRODUCT_BUNDLE_IDENTIFIER = com.dignitasdigital.Flocally;
				PRODUCT_NAME = "$(TARGET_NAME)";
				PROVISIONING_PROFILE = "";
				SWIFT_OBJC_BRIDGING_HEADER = "Flocally/Flocally-Bridging-Header.h";
			};
			name = Release;
		};
/* End XCBuildConfiguration section */

/* Begin XCConfigurationList section */
		5FC9E6F81C3A8847008B5877 /* Build configuration list for PBXProject "Flocally" */ = {
			isa = XCConfigurationList;
			buildConfigurations = (
				5FC9E70D1C3A8847008B5877 /* Debug */,
				5FC9E70E1C3A8847008B5877 /* Release */,
			);
			defaultConfigurationIsVisible = 0;
			defaultConfigurationName = Release;
		};
		5FC9E70F1C3A8847008B5877 /* Build configuration list for PBXNativeTarget "Flocally" */ = {
			isa = XCConfigurationList;
			buildConfigurations = (
				5FC9E7101C3A8847008B5877 /* Debug */,
				5FC9E7111C3A8847008B5877 /* Release */,
			);
			defaultConfigurationIsVisible = 0;
			defaultConfigurationName = Release;
		};
/* End XCConfigurationList section */
	};
	rootObject = 5FC9E6F51C3A8847008B5877 /* Project object */;
}
